
Microsoft Visual Studio Solution File, Format Version 12.00
# Visual Studio Version 16
VisualStudioVersion = 16.0.31911.196
MinimumVisualStudioVersion = 10.0.40219.1
Project("{FAE04EC0-301F-11D3-BF4B-00C04F79EFBC}") = "WebApplication2(firstapp)", "WebApplication2(firstapp)\WebApplication2(firstapp).csproj", "{B6EAC34F-EA68-4500-8B5B-DD7520273FF9}"
EndProject
Global
	GlobalSection(SolutionConfigurationPlatforms) = preSolution
		Debug|Any CPU = Debug|Any CPU
		Release|Any CPU = Release|Any CPU
	EndGlobalSection
	GlobalSection(ProjectConfigurationPlatforms) = postSolution
		{B6EAC34F-EA68-4500-8B5B-DD7520273FF9}.Debug|Any CPU.ActiveCfg = Debug|Any CPU
		{B6EAC34F-EA68-4500-8B5B-DD7520273FF9}.Debug|Any CPU.Build.0 = Debug|Any CPU
		{B6EAC34F-EA68-4500-8B5B-DD7520273FF9}.Release|Any CPU.ActiveCfg = Release|Any CPU
		{B6EAC34F-EA68-4500-8B5B-DD7520273FF9}.Release|Any CPU.Build.0 = Release|Any CPU
	EndGlobalSection
	GlobalSection(SolutionProperties) = preSolution
		HideSolutionNode = FALSE
	EndGlobalSection
	GlobalSection(ExtensibilityGlobals) = postSolution
		SolutionGuid = {F7DCF4C3-88DF-451B-8396-28E2278C2150}
	EndGlobalSection
EndGlobal
